
Microsoft Visual Studio Solution File, Format Version 12.00
# Visual Studio Version 16
VisualStudioVersion = 16.0.29709.97
MinimumVisualStudioVersion = 10.0.40219.1
Project("{FAE04EC0-301F-11D3-BF4B-00C04F79EFBC}") = "Classe Estatica", "Classe Estatica.csproj", "{4CA694AA-70AA-4F65-97CD-6BB2C3BC6898}"
EndProject
Global
	GlobalSection(SolutionConfigurationPlatforms) = preSolution
		Debug|Any CPU = Debug|Any CPU
		Release|Any CPU = Release|Any CPU
	EndGlobalSection
	GlobalSection(ProjectConfigurationPlatforms) = postSolution
		{4CA694AA-70AA-4F65-97CD-6BB2C3BC6898}.Debug|Any CPU.ActiveCfg = Debug|Any CPU
		{4CA694AA-70AA-4F65-97CD-6BB2C3BC6898}.Debug|Any CPU.Build.0 = Debug|Any CPU
		{4CA694AA-70AA-4F65-97CD-6BB2C3BC6898}.Release|Any CPU.ActiveCfg = Release|Any CPU
		{4CA694AA-70AA-4F65-97CD-6BB2C3BC6898}.Release|Any CPU.Build.0 = Release|Any CPU
	EndGlobalSection
	GlobalSection(SolutionProperties) = preSolution
		HideSolutionNode = FALSE
	EndGlobalSection
	GlobalSection(ExtensibilityGlobals) = postSolution
		SolutionGuid = {506D5B64-FD29-4278-9E5A-AC98DCA165C4}
	EndGlobalSection
EndGlobal
